<?xml version="1.0" encoding="utf-8"?>
<Project xmlns="http://schemas.microsoft.com/developer/msbuild/2003">
  <ItemGroup>
    <Filter Include="Form Files">
      <UniqueIdentifier>{99349809-55BA-4b9d-BF79-8FDBB0286EB3}</UniqueIdentifier>
      <Extensions>ui</Extensions>
      <ParseFiles>false</ParseFiles>
    </Filter>
    <Filter Include="Generated Files">
      <UniqueIdentifier>{71ED8ED8-ACB9-4CE9-BBE1-E00B30144E11}</UniqueIdentifier>
      <Extensions>cpp;c;cxx;moc;h;def;odl;idl;res;</Extensions>
    </Filter>
    <Filter Include="Generated Files">
      <UniqueIdentifier>{71ED8ED8-ACB9-4CE9-BBE1-E00B30144E11}</UniqueIdentifier>
      <Extensions>cpp;c;cxx;moc;h;def;odl;idl;res;</Extensions>
    </Filter>
    <Filter Include="Header Files">
      <UniqueIdentifier>{93995380-89BD-4b04-88EB-625FBE52EBFB}</UniqueIdentifier>
      <Extensions>h;hpp;hxx;hm;inl;inc;xsd</Extensions>
    </Filter>
    <Filter Include="Resource Files">
      <UniqueIdentifier>{D9D6E242-F8AF-46E4-B9FD-80ECBC20BA3E}</UniqueIdentifier>
      <Extensions>qrc;*</Extensions>
      <ParseFiles>false</ParseFiles>
    </Filter>
    <Filter Include="Resource Files">
      <UniqueIdentifier>{D9D6E242-F8AF-46E4-B9FD-80ECBC20BA3E}</UniqueIdentifier>
      <Extensions>qrc;*</Extensions>
      <ParseFiles>false</ParseFiles>
    </Filter>
    <Filter Include="Source Files">
      <UniqueIdentifier>{4FC737F1-C7A5-4376-A066-2A32D752A2FF}</UniqueIdentifier>
      <Extensions>cpp;c;cxx;def;odl;idl;hpj;bat;asm;asmx</Extensions>
    </Filter>
    <Filter Include="Version 2 Files">
      <UniqueIdentifier>{4f027036-4456-4963-ae4f-7ca6df00ff2f}</UniqueIdentifier>
    </Filter>
    <Filter Include="Version 2 Files\Source Files">
      <UniqueIdentifier>{84d39cac-ce8e-4161-9431-d003ce3df355}</UniqueIdentifier>
    </Filter>
    <Filter Include="Version 2 Files\Form Files">
      <UniqueIdentifier>{78713358-57f2-4a6c-9886-40688299d32b}</UniqueIdentifier>
    </Filter>
    <Filter Include="Version 2 Files\Source Files\Utilities">
      <UniqueIdentifier>{a618ed22-9a5f-4b8b-a9ae-f18228dada0d}</UniqueIdentifier>
    </Filter>
    <Filter Include="Version 2 Files\Source Files\Camera">
      <UniqueIdentifier>{366ed239-3ec5-48c3-8b12-9bf18d9f5562}</UniqueIdentifier>
    </Filter>
    <Filter Include="Version 2 Files\Source Files\Dialogs">
      <UniqueIdentifier>{0a61d4aa-85b8-42a6-a6d8-e046122fdf31}</UniqueIdentifier>
    </Filter>
    <Filter Include="Version 2 Files\Source Files\Widgets">
      <UniqueIdentifier>{28376134-37d0-4a16-a5ff-10c44a6d3f86}</UniqueIdentifier>
    </Filter>
    <Filter Include="Version 2 Files\Header Files">
      <UniqueIdentifier>{8bdbd209-1da8-4562-a859-9eb033cc2fd6}</UniqueIdentifier>
    </Filter>
    <Filter Include="Version 2 Files\Header Files\Utilities">
      <UniqueIdentifier>{f1ec73a7-bb8f-430b-b883-fff37fb1552b}</UniqueIdentifier>
    </Filter>
    <Filter Include="Version 2 Files\Header Files\Camera">
      <UniqueIdentifier>{f9d2e778-97aa-426d-968f-bdcc0c2e5bc9}</UniqueIdentifier>
    </Filter>
    <Filter Include="Version 2 Files\Header Files\Dialogs">
      <UniqueIdentifier>{9f9dcf66-499f-4f79-8d52-d599050b0546}</UniqueIdentifier>
    </Filter>
    <Filter Include="Version 2 Files\Header Files\Widgets">
      <UniqueIdentifier>{8966f2fb-86f7-428a-8f87-68d14bd88865}</UniqueIdentifier>
    </Filter>
    <Filter Include="Header Files\Config">
      <UniqueIdentifier>{cd7809ac-886a-45a4-bc9f-7927ad29b0ec}</UniqueIdentifier>
    </Filter>
    <Filter Include="Header Files\Dialogs">
      <UniqueIdentifier>{4788b5ba-3616-484c-b83e-4b90787f0e77}</UniqueIdentifier>
    </Filter>
    <Filter Include="Header Files\Spinnaker">
      <UniqueIdentifier>{d3dd34d5-e930-4c66-bf14-d8cbed0b1eee}</UniqueIdentifier>
    </Filter>
    <Filter Include="Header Files\Utilities">
      <UniqueIdentifier>{9c8c8b8b-c839-450d-8da4-2269b1b62065}</UniqueIdentifier>
    </Filter>
    <Filter Include="Header Files\Widgets">
      <UniqueIdentifier>{1510752f-9a28-41ff-9606-6d5b8fe584fa}</UniqueIdentifier>
    </Filter>
    <Filter Include="Source Files\Dialogs">
      <UniqueIdentifier>{69d31258-10d2-4384-9b60-ff8c24917897}</UniqueIdentifier>
    </Filter>
    <Filter Include="Source Files\Spinnaker">
      <UniqueIdentifier>{8eab1bde-b441-4a62-a7a2-bf73d71ed554}</UniqueIdentifier>
    </Filter>
    <Filter Include="Source Files\Utilities">
      <UniqueIdentifier>{81e2c4bf-a297-48fb-a29f-96bfb8b24eb2}</UniqueIdentifier>
    </Filter>
    <Filter Include="Source Files\Widgets">
      <UniqueIdentifier>{bfcbaa33-80e8-4fc2-a8e8-dea48bbca462}</UniqueIdentifier>
    </Filter>
  </ItemGroup>
  <ItemGroup>
    <ClCompile Include="..\src\AboutDialog.cpp">
      <Filter>Source Files\Dialogs</Filter>
    </ClCompile>
    <ClCompile Include="..\src\CalibrationDialog.cpp">
      <Filter>Source Files\Dialogs</Filter>
    </ClCompile>
    <ClCompile Include="..\src\CaptureDialog.cpp">
      <Filter>Source Files\Dialogs</Filter>
    </ClCompile>
    <ClCompile Include="..\src\ProcessingDialog.cpp">
      <Filter>Source Files\Dialogs</Filter>
    </ClCompile>
    <ClCompile Include="..\src\im_util.cpp">
      <Filter>Source Files\Utilities</Filter>
    </ClCompile>
    <ClCompile Include="..\src\io_util.cpp">
      <Filter>Source Files\Utilities</Filter>
    </ClCompile>
    <ClCompile Include="..\src\GLWidget.cpp">
      <Filter>Source Files\Widgets</Filter>
    </ClCompile>
    <ClCompile Include="..\src\ProjectorWidget.cpp">
      <Filter>Source Files\Widgets</Filter>
    </ClCompile>
    <ClCompile Include="..\src\ImageLabel.cpp">
      <Filter>Source Files\Widgets</Filter>
    </ClCompile>
    <ClCompile Include="..\src\SpinnakerCaptureWorker.cpp">
      <Filter>Source Files\Spinnaker</Filter>
    </ClCompile>
    <ClCompile Include="..\src\ImageUtil.cpp">
      <Filter>Source Files\Utilities</Filter>
    </ClCompile>
    <ClCompile Include="..\src_v2\cvMatConvert.cpp">
      <Filter>Version 2 Files\Source Files\Utilities</Filter>
    </ClCompile>
    <ClCompile Include="..\src_v2\CameraUtilities.cpp">
      <Filter>Version 2 Files\Source Files\Camera</Filter>
    </ClCompile>
    <ClCompile Include="..\src_v2\CameraWorker.cpp">
      <Filter>Version 2 Files\Source Files\Camera</Filter>
    </ClCompile>
    <ClCompile Include="..\src_v2\CaptureQDialog.cpp">
      <Filter>Version 2 Files\Source Files\Dialogs</Filter>
    </ClCompile>
    <ClCompile Include="..\src_v2\PixmapQWidget.cpp">
      <Filter>Version 2 Files\Source Files\Widgets</Filter>
    </ClCompile>
    <ClCompile Include="..\src_v2\PointcloudWidget.cpp">
      <Filter>Version 2 Files\Source Files\Widgets</Filter>
    </ClCompile>
    <ClCompile Include="..\src_v2\PointcloudPreviewQDialog.cpp">
      <Filter>Version 2 Files\Source Files\Dialogs</Filter>
    </ClCompile>
    <ClCompile Include="..\src_v2\IOExport.cpp">
      <Filter>Version 2 Files\Source Files\Utilities</Filter>
    </ClCompile>
    <ClCompile Include="..\src\Application.cpp">
      <Filter>Source Files</Filter>
    </ClCompile>
    <ClCompile Include="..\src\CalibrationData.cpp">
      <Filter>Source Files</Filter>
    </ClCompile>
    <ClCompile Include="..\src\main.cpp">
      <Filter>Source Files</Filter>
    </ClCompile>
    <ClCompile Include="..\src\MainWindow.cpp">
      <Filter>Source Files</Filter>
    </ClCompile>
    <ClCompile Include="..\src\scan3d.cpp">
      <Filter>Source Files</Filter>
    </ClCompile>
    <ClCompile Include="..\src\structured_light.cpp">
      <Filter>Source Files</Filter>
    </ClCompile>
    <ClCompile Include="..\src\TreeModel.cpp">
      <Filter>Source Files</Filter>
    </ClCompile>
    <ClCompile Include="..\src\VideoInput.cpp">
      <Filter>Source Files</Filter>
    </ClCompile>
  </ItemGroup>
  <ItemGroup>
    <QtMoc Include="..\src\ProcessingDialog.hpp">
      <Filter>Header Files\Dialogs</Filter>
    </QtMoc>
    <QtMoc Include="..\src\CalibrationDialog.hpp">
      <Filter>Header Files\Dialogs</Filter>
    </QtMoc>
    <QtMoc Include="..\src\CaptureDialog.hpp">
      <Filter>Header Files\Dialogs</Filter>
    </QtMoc>
    <QtMoc Include="..\src\AboutDialog.hpp">
      <Filter>Header Files\Dialogs</Filter>
    </QtMoc>
    <QtMoc Include="..\src\GLWidget.hpp">
      <Filter>Header Files\Widgets</Filter>
    </QtMoc>
    <QtMoc Include="..\src\ProjectorWidget.hpp">
      <Filter>Header Files\Widgets</Filter>
    </QtMoc>
    <QtMoc Include="..\src\SpinnakerCaptureWorker.h">
      <Filter>Header Files\Spinnaker</Filter>
    </QtMoc>
    <QtMoc Include="..\src_v2\CameraWorker.h">
      <Filter>Version 2 Files\Header Files\Camera</Filter>
    </QtMoc>
    <QtMoc Include="..\src_v2\CaptureQDialog.h">
      <Filter>Version 2 Files\Header Files\Dialogs</Filter>
    </QtMoc>
    <QtMoc Include="..\src_v2\PixmapQWidget.h">
      <Filter>Version 2 Files\Header Files\Widgets</Filter>
    </QtMoc>
    <QtMoc Include="..\src_v2\PointcloudWidget.h">
      <Filter>Version 2 Files\Header Files\Widgets</Filter>
    </QtMoc>
    <QtMoc Include="..\src_v2\PointcloudPreviewQDialog.h">
      <Filter>Version 2 Files\Header Files\Dialogs</Filter>
    </QtMoc>
    <ClInclude Include="..\src\scan3d.hpp">
      <Filter>Header Files</Filter>
    </ClInclude>
    <ClInclude Include="..\src\structured_light.hpp">
      <Filter>Header Files</Filter>
    </ClInclude>
    <QtMoc Include="..\src\VideoInput.hpp">
      <Filter>Header Files</Filter>
    </QtMoc>
  </ItemGroup>
  <ItemGroup>
    <CustomBuild Include="debug\moc_predefs.h.cbt">
      <Filter>Generated Files</Filter>
    </CustomBuild>
    <CustomBuild Include="release\moc_predefs.h.cbt">
      <Filter>Generated Files</Filter>
    </CustomBuild>
  </ItemGroup>
  <ItemGroup>
    <QtUic Include="..\src_v2\CaptureQDialog.ui">
      <Filter>Version 2 Files\Form Files</Filter>
    </QtUic>
    <QtUic Include="..\src_v2\PointcloudPreviewQDialog.ui">
      <Filter>Version 2 Files\Form Files</Filter>
    </QtUic>
    <QtUic Include="..\forms\AboutDialog.ui">
      <Filter>Form Files</Filter>
    </QtUic>
    <QtUic Include="..\forms\CalibrationDialog.ui">
      <Filter>Form Files</Filter>
    </QtUic>
    <QtUic Include="..\forms\CaptureDialog.ui">
      <Filter>Form Files</Filter>
    </QtUic>
    <QtUic Include="..\forms\MainWindow.ui">
      <Filter>Form Files</Filter>
    </QtUic>
    <QtUic Include="..\forms\ProcessingDialog.ui">
      <Filter>Form Files</Filter>
    </QtUic>
  </ItemGroup>
  <ItemGroup>
    <QtRcc Include="..\assets\assets.qrc">
      <Filter>Resource Files</Filter>
    </QtRcc>
    <None Include="..\assets\david.png">
      <Filter>Resource Files</Filter>
    </None>
  </ItemGroup>
  <ItemGroup>
    <ClInclude Include="..\src\io_util.hpp">
      <Filter>Header Files\Utilities</Filter>
    </ClInclude>
    <ClInclude Include="..\src\im_util.hpp">
      <Filter>Header Files\Utilities</Filter>
    </ClInclude>
    <ClInclude Include="Config.h">
      <Filter>Header Files\Config</Filter>
    </ClInclude>
    <ClInclude Include="..\src\ImageLabel.hpp">
      <Filter>Header Files\Widgets</Filter>
    </ClInclude>
    <ClInclude Include="SpinnakerCameraConfig.h">
      <Filter>Header Files\Spinnaker</Filter>
    </ClInclude>
    <ClInclude Include="..\src\ImageUtil.hpp">
      <Filter>Header Files\Utilities</Filter>
    </ClInclude>
    <ClInclude Include="..\src_v2\Settings.h">
      <Filter>Version 2 Files\Header Files</Filter>
    </ClInclude>
    <ClInclude Include="..\src_v2\cvMatConvert.h">
      <Filter>Version 2 Files\Header Files\Utilities</Filter>
    </ClInclude>
    <ClInclude Include="..\src_v2\BusyCursorGuard.h">
      <Filter>Version 2 Files\Header Files\Utilities</Filter>
    </ClInclude>
    <ClInclude Include="..\src_v2\Literals.h">
      <Filter>Version 2 Files\Header Files\Utilities</Filter>
    </ClInclude>
    <ClInclude Include="..\src_v2\CameraSettings.h">
      <Filter>Version 2 Files\Header Files\Camera</Filter>
    </ClInclude>
    <ClInclude Include="..\src_v2\CameraUtilities.h">
      <Filter>Version 2 Files\Header Files\Camera</Filter>
    </ClInclude>
    <ClInclude Include="..\src_v2\IOExport.h">
      <Filter>Version 2 Files\Header Files\Utilities</Filter>
    </ClInclude>
    <ClInclude Include="..\src\CalibrationData.hpp">
      <Filter>Header Files</Filter>
    </ClInclude>
    <ClInclude Include="..\src\TreeModel.hpp">
      <Filter>Header Files</Filter>
    </ClInclude>
  </ItemGroup>
  <ItemGroup>
    <None Include="..\src_v2\ClassDiagram_Version_2.cd">
      <Filter>Version 2 Files</Filter>
    </None>
  </ItemGroup>
  <ItemGroup>
    <QtMoc Include="..\src\Application.hpp">
      <Filter>Header Files</Filter>
    </QtMoc>
    <QtMoc Include="..\src\MainWindow.hpp">
      <Filter>Header Files</Filter>
    </QtMoc>
  </ItemGroup>
</Project>